
Microsoft Visual Studio Solution File, Format Version 12.00
# Visual Studio Version 17
VisualStudioVersion = 17.2.32516.85
MinimumVisualStudioVersion = 10.0.40219.1
Project("{9A19103F-16F7-4668-BE54-9A1E7A4F7556}") = "CartingService", "CartingService\CartingService.csproj", "{BEE68B98-6C46-4E48-B5EA-565605E5E223}"
EndProject
Project("{9A19103F-16F7-4668-BE54-9A1E7A4F7556}") = "CatalogService", "CatalogService\CatalogService.csproj", "{443C21EC-90A4-4806-99CD-0CA9F755DCD7}"
EndProject
Project("{9A19103F-16F7-4668-BE54-9A1E7A4F7556}") = "Catalog.BusinessLogicLayer", "Catalog.BusinessLogicLayer\Catalog.BusinessLogicLayer.csproj", "{865F1ECC-9BC8-4B15-94C2-8C898B7972C6}"
EndProject
Project("{FAE04EC0-301F-11D3-BF4B-00C04F79EFBC}") = "Catalog.DataAccessLayer", "Catalog.DataAccessLayer\Catalog.DataAccessLayer.csproj", "{6B4401C4-2D42-4E5A-8D12-E6D1B788A678}"
EndProject
Project("{FAE04EC0-301F-11D3-BF4B-00C04F79EFBC}") = "Business.Core", "Business.Core\Business.Core.csproj", "{7B9C8658-37D0-4182-A54F-24C5EC26CDA6}"
EndProject
Global
	GlobalSection(SolutionConfigurationPlatforms) = preSolution
		Debug|Any CPU = Debug|Any CPU
		Release|Any CPU = Release|Any CPU
	EndGlobalSection
	GlobalSection(ProjectConfigurationPlatforms) = postSolution
		{BEE68B98-6C46-4E48-B5EA-565605E5E223}.Debug|Any CPU.ActiveCfg = Debug|Any CPU
		{BEE68B98-6C46-4E48-B5EA-565605E5E223}.Debug|Any CPU.Build.0 = Debug|Any CPU
		{BEE68B98-6C46-4E48-B5EA-565605E5E223}.Release|Any CPU.ActiveCfg = Release|Any CPU
		{BEE68B98-6C46-4E48-B5EA-565605E5E223}.Release|Any CPU.Build.0 = Release|Any CPU
		{443C21EC-90A4-4806-99CD-0CA9F755DCD7}.Debug|Any CPU.ActiveCfg = Debug|Any CPU
		{443C21EC-90A4-4806-99CD-0CA9F755DCD7}.Debug|Any CPU.Build.0 = Debug|Any CPU
		{443C21EC-90A4-4806-99CD-0CA9F755DCD7}.Release|Any CPU.ActiveCfg = Release|Any CPU
		{443C21EC-90A4-4806-99CD-0CA9F755DCD7}.Release|Any CPU.Build.0 = Release|Any CPU
		{865F1ECC-9BC8-4B15-94C2-8C898B7972C6}.Debug|Any CPU.ActiveCfg = Debug|Any CPU
		{865F1ECC-9BC8-4B15-94C2-8C898B7972C6}.Debug|Any CPU.Build.0 = Debug|Any CPU
		{865F1ECC-9BC8-4B15-94C2-8C898B7972C6}.Release|Any CPU.ActiveCfg = Release|Any CPU
		{865F1ECC-9BC8-4B15-94C2-8C898B7972C6}.Release|Any CPU.Build.0 = Release|Any CPU
		{6B4401C4-2D42-4E5A-8D12-E6D1B788A678}.Debug|Any CPU.ActiveCfg = Debug|Any CPU
		{6B4401C4-2D42-4E5A-8D12-E6D1B788A678}.Debug|Any CPU.Build.0 = Debug|Any CPU
		{6B4401C4-2D42-4E5A-8D12-E6D1B788A678}.Release|Any CPU.ActiveCfg = Release|Any CPU
		{6B4401C4-2D42-4E5A-8D12-E6D1B788A678}.Release|Any CPU.Build.0 = Release|Any CPU
		{7B9C8658-37D0-4182-A54F-24C5EC26CDA6}.Debug|Any CPU.ActiveCfg = Debug|Any CPU
		{7B9C8658-37D0-4182-A54F-24C5EC26CDA6}.Debug|Any CPU.Build.0 = Debug|Any CPU
		{7B9C8658-37D0-4182-A54F-24C5EC26CDA6}.Release|Any CPU.ActiveCfg = Release|Any CPU
		{7B9C8658-37D0-4182-A54F-24C5EC26CDA6}.Release|Any CPU.Build.0 = Release|Any CPU
	EndGlobalSection
	GlobalSection(SolutionProperties) = preSolution
		HideSolutionNode = FALSE
	EndGlobalSection
	GlobalSection(ExtensibilityGlobals) = postSolution
		SolutionGuid = {4DA10FD5-A25F-4B16-B8C1-D245CBAA048F}
	EndGlobalSection
EndGlobal
